// !$*UTF8*$!
{
	archiveVersion = 1;
	classes = {
	};
	objectVersion = 50;
	objects = {

/* Begin PBXBuildFile section */
		B8909C87231769090010D0DF /* AppDelegate.swift in Sources */ = {isa = PBXBuildFile; fileRef = B8909C86231769090010D0DF /* AppDelegate.swift */; };
		B8909C89231769090010D0DF /* ViewController.swift in Sources */ = {isa = PBXBuildFile; fileRef = B8909C88231769090010D0DF /* ViewController.swift */; };
		B8909C8C231769090010D0DF /* Main.storyboard in Resources */ = {isa = PBXBuildFile; fileRef = B8909C8A231769090010D0DF /* Main.storyboard */; };
		B8909C8E2317690A0010D0DF /* Assets.xcassets in Resources */ = {isa = PBXBuildFile; fileRef = B8909C8D2317690A0010D0DF /* Assets.xcassets */; };
		B8909C912317690A0010D0DF /* LaunchScreen.storyboard in Resources */ = {isa = PBXBuildFile; fileRef = B8909C8F2317690A0010D0DF /* LaunchScreen.storyboard */; };
		B8909CA123176AC60010D0DF /* AppDelegate.m in Sources */ = {isa = PBXBuildFile; fileRef = B8909CA023176AC60010D0DF /* AppDelegate.m */; };
		B8909CA423176AC60010D0DF /* ViewController.m in Sources */ = {isa = PBXBuildFile; fileRef = B8909CA323176AC60010D0DF /* ViewController.m */; };
		B8909CA723176AC60010D0DF /* Main.storyboard in Resources */ = {isa = PBXBuildFile; fileRef = B8909CA523176AC60010D0DF /* Main.storyboard */; };
		B8909CA923176AC70010D0DF /* Assets.xcassets in Resources */ = {isa = PBXBuildFile; fileRef = B8909CA823176AC70010D0DF /* Assets.xcassets */; };
		B8909CAC23176AC70010D0DF /* LaunchScreen.storyboard in Resources */ = {isa = PBXBuildFile; fileRef = B8909CAA23176AC70010D0DF /* LaunchScreen.storyboard */; };
		B8909CAF23176AC70010D0DF /* main.m in Sources */ = {isa = PBXBuildFile; fileRef = B8909CAE23176AC70010D0DF /* main.m */; };
		B8909CB523176CA50010D0DF /* WKWebViewController.m in Sources */ = {isa = PBXBuildFile; fileRef = B8909CB423176CA50010D0DF /* WKWebViewController.m */; };
/* End PBXBuildFile section */

/* Begin PBXFileReference section */
		B8909C83231769090010D0DF /* Jeung.app */ = {isa = PBXFileReference; explicitFileType = wrapper.application; includeInIndex = 0; path = Jeung.app; sourceTree = BUILT_PRODUCTS_DIR; };
		B8909C86231769090010D0DF /* AppDelegate.swift */ = {isa = PBXFileReference; lastKnownFileType = sourcecode.swift; path = AppDelegate.swift; sourceTree = "<group>"; };
		B8909C88231769090010D0DF /* ViewController.swift */ = {isa = PBXFileReference; lastKnownFileType = sourcecode.swift; path = ViewController.swift; sourceTree = "<group>"; };
		B8909C8B231769090010D0DF /* Base */ = {isa = PBXFileReference; lastKnownFileType = file.storyboard; name = Base; path = Base.lproj/Main.storyboard; sourceTree = "<group>"; };
		B8909C8D2317690A0010D0DF /* Assets.xcassets */ = {isa = PBXFileReference; lastKnownFileType = folder.assetcatalog; path = Assets.xcassets; sourceTree = "<group>"; };
		B8909C902317690A0010D0DF /* Base */ = {isa = PBXFileReference; lastKnownFileType = file.storyboard; name = Base; path = Base.lproj/LaunchScreen.storyboard; sourceTree = "<group>"; };
		B8909C922317690A0010D0DF /* Info.plist */ = {isa = PBXFileReference; lastKnownFileType = text.plist.xml; path = Info.plist; sourceTree = "<group>"; };
		B8909C9D23176AC60010D0DF /* JeungObjc.app */ = {isa = PBXFileReference; explicitFileType = wrapper.application; includeInIndex = 0; path = JeungObjc.app; sourceTree = BUILT_PRODUCTS_DIR; };
		B8909C9F23176AC60010D0DF /* AppDelegate.h */ = {isa = PBXFileReference; lastKnownFileType = sourcecode.c.h; path = AppDelegate.h; sourceTree = "<group>"; };
		B8909CA023176AC60010D0DF /* AppDelegate.m */ = {isa = PBXFileReference; lastKnownFileType = sourcecode.c.objc; path = AppDelegate.m; sourceTree = "<group>"; };
		B8909CA223176AC60010D0DF /* ViewController.h */ = {isa = PBXFileReference; lastKnownFileType = sourcecode.c.h; path = ViewController.h; sourceTree = "<group>"; };
		B8909CA323176AC60010D0DF /* ViewController.m */ = {isa = PBXFileReference; lastKnownFileType = sourcecode.c.objc; path = ViewController.m; sourceTree = "<group>"; };
		B8909CA623176AC60010D0DF /* Base */ = {isa = PBXFileReference; lastKnownFileType = file.storyboard; name = Base; path = Base.lproj/Main.storyboard; sourceTree = "<group>"; };
		B8909CA823176AC70010D0DF /* Assets.xcassets */ = {isa = PBXFileReference; lastKnownFileType = folder.assetcatalog; path = Assets.xcassets; sourceTree = "<group>"; };
		B8909CAB23176AC70010D0DF /* Base */ = {isa = PBXFileReference; lastKnownFileType = file.storyboard; name = Base; path = Base.lproj/LaunchScreen.storyboard; sourceTree = "<group>"; };
		B8909CAD23176AC70010D0DF /* Info.plist */ = {isa = PBXFileReference; lastKnownFileType = text.plist.xml; path = Info.plist; sourceTree = "<group>"; };
		B8909CAE23176AC70010D0DF /* main.m */ = {isa = PBXFileReference; lastKnownFileType = sourcecode.c.objc; path = main.m; sourceTree = "<group>"; };
		B8909CB323176CA50010D0DF /* WKWebViewController.h */ = {isa = PBXFileReference; lastKnownFileType = sourcecode.c.h; path = WKWebViewController.h; sourceTree = "<group>"; };
		B8909CB423176CA50010D0DF /* WKWebViewController.m */ = {isa = PBXFileReference; lastKnownFileType = sourcecode.c.objc; path = WKWebViewController.m; sourceTree = "<group>"; };
/* End PBXFileReference section */

/* Begin PBXFrameworksBuildPhase section */
		B8909C80231769090010D0DF /* Frameworks */ = {
			isa = PBXFrameworksBuildPhase;
			buildActionMask = 2147483647;
			files = (
			);
			runOnlyForDeploymentPostprocessing = 0;
		};
		B8909C9A23176AC60010D0DF /* Frameworks */ = {
			isa = PBXFrameworksBuildPhase;
			buildActionMask = 2147483647;
			files = (
			);
			runOnlyForDeploymentPostprocessing = 0;
		};
/* End PBXFrameworksBuildPhase section */

/* Begin PBXGroup section */
		B8909C7A231769090010D0DF = {
			isa = PBXGroup;
			children = (
				B8909C85231769090010D0DF /* Jeung */,
				B8909C9E23176AC60010D0DF /* JeungObjc */,
				B8909C84231769090010D0DF /* Products */,
			);
			sourceTree = "<group>";
		};
		B8909C84231769090010D0DF /* Products */ = {
			isa = PBXGroup;
			children = (
				B8909C83231769090010D0DF /* Jeung.app */,
				B8909C9D23176AC60010D0DF /* JeungObjc.app */,
			);
			name = Products;
			sourceTree = "<group>";
		};
		B8909C85231769090010D0DF /* Jeung */ = {
			isa = PBXGroup;
			children = (
				B8909C9823176A4E0010D0DF /* Common */,
				B8909C86231769090010D0DF /* AppDelegate.swift */,
				B8909C88231769090010D0DF /* ViewController.swift */,
				B8909C8A231769090010D0DF /* Main.storyboard */,
				B8909C8D2317690A0010D0DF /* Assets.xcassets */,
				B8909C8F2317690A0010D0DF /* LaunchScreen.storyboard */,
				B8909C922317690A0010D0DF /* Info.plist */,
			);
			path = Jeung;
			sourceTree = "<group>";
		};
		B8909C9823176A4E0010D0DF /* Common */ = {
			isa = PBXGroup;
			children = (
			);
			path = Common;
			sourceTree = "<group>";
		};
		B8909C9E23176AC60010D0DF /* JeungObjc */ = {
			isa = PBXGroup;
			children = (
				B8909C9F23176AC60010D0DF /* AppDelegate.h */,
				B8909CA023176AC60010D0DF /* AppDelegate.m */,
				B8909CA223176AC60010D0DF /* ViewController.h */,
				B8909CA323176AC60010D0DF /* ViewController.m */,
				B8909CA523176AC60010D0DF /* Main.storyboard */,
				B8909CA823176AC70010D0DF /* Assets.xcassets */,
				B8909CAA23176AC70010D0DF /* LaunchScreen.storyboard */,
				B8909CAD23176AC70010D0DF /* Info.plist */,
				B8909CAE23176AC70010D0DF /* main.m */,
				B8909CB323176CA50010D0DF /* WKWebViewController.h */,
				B8909CB423176CA50010D0DF /* WKWebViewController.m */,
			);
			path = JeungObjc;
			sourceTree = "<group>";
		};
/* End PBXGroup section */

/* Begin PBXNativeTarget section */
		B8909C82231769090010D0DF /* Jeung */ = {
			isa = PBXNativeTarget;
			buildConfigurationList = B8909C952317690A0010D0DF /* Build configuration list for PBXNativeTarget "Jeung" */;
			buildPhases = (
				B8909C7F231769090010D0DF /* Sources */,
				B8909C80231769090010D0DF /* Frameworks */,
				B8909C81231769090010D0DF /* Resources */,
			);
			buildRules = (
			);
			dependencies = (
			);
			name = Jeung;
			productName = Jeung;
			productReference = B8909C83231769090010D0DF /* Jeung.app */;
			productType = "com.apple.product-type.application";
		};
		B8909C9C23176AC60010D0DF /* JeungObjc */ = {
			isa = PBXNativeTarget;
			buildConfigurationList = B8909CB023176AC70010D0DF /* Build configuration list for PBXNativeTarget "JeungObjc" */;
			buildPhases = (
				B8909C9923176AC60010D0DF /* Sources */,
				B8909C9A23176AC60010D0DF /* Frameworks */,
				B8909C9B23176AC60010D0DF /* Resources */,
			);
			buildRules = (
			);
			dependencies = (
			);
			name = JeungObjc;
			productName = JeungObjc;
			productReference = B8909C9D23176AC60010D0DF /* JeungObjc.app */;
			productType = "com.apple.product-type.application";
		};
/* End PBXNativeTarget section */

/* Begin PBXProject section */
		B8909C7B231769090010D0DF /* Project object */ = {
			isa = PBXProject;
			attributes = {
				LastSwiftUpdateCheck = 1030;
				LastUpgradeCheck = 1030;
				ORGANIZATIONNAME = office;
				TargetAttributes = {
					B8909C82231769090010D0DF = {
						CreatedOnToolsVersion = 10.3;
					};
					B8909C9C23176AC60010D0DF = {
						CreatedOnToolsVersion = 10.3;
					};
				};
			};
			buildConfigurationList = B8909C7E231769090010D0DF /* Build configuration list for PBXProject "Jeung" */;
			compatibilityVersion = "Xcode 9.3";
			developmentRegion = en;
			hasScannedForEncodings = 0;
			knownRegions = (
				en,
				Base,
			);
			mainGroup = B8909C7A231769090010D0DF;
			productRefGroup = B8909C84231769090010D0DF /* Products */;
			projectDirPath = "";
			projectRoot = "";
			targets = (
				B8909C82231769090010D0DF /* Jeung */,
				B8909C9C23176AC60010D0DF /* JeungObjc */,
			);
		};
/* End PBXProject section */

/* Begin PBXResourcesBuildPhase section */
		B8909C81231769090010D0DF /* Resources */ = {
			isa = PBXResourcesBuildPhase;
			buildActionMask = 2147483647;
			files = (
				B8909C912317690A0010D0DF /* LaunchScreen.storyboard in Resources */,
				B8909C8E2317690A0010D0DF /* Assets.xcassets in Resources */,
				B8909C8C231769090010D0DF /* Main.storyboard in Resources */,
			);
			runOnlyForDeploymentPostprocessing = 0;
		};
		B8909C9B23176AC60010D0DF /* Resources */ = {
			isa = PBXResourcesBuildPhase;
			buildActionMask = 2147483647;
			files = (
				B8909CAC23176AC70010D0DF /* LaunchScreen.storyboard in Resources */,
				B8909CA923176AC70010D0DF /* Assets.xcassets in Resources */,
				B8909CA723176AC60010D0DF /* Main.storyboard in Resources */,
			);
			runOnlyForDeploymentPostprocessing = 0;
		};
/* End PBXResourcesBuildPhase section */

/* Begin PBXSourcesBuildPhase section */
		B8909C7F231769090010D0DF /* Sources */ = {
			isa = PBXSourcesBuildPhase;
			buildActionMask = 2147483647;
			files = (
				B8909C89231769090010D0DF /* ViewController.swift in Sources */,
				B8909C87231769090010D0DF /* AppDelegate.swift in Sources */,
			);
			runOnlyForDeploymentPostprocessing = 0;
		};
		B8909C9923176AC60010D0DF /* Sources */ = {
			isa = PBXSourcesBuildPhase;
			buildActionMask = 2147483647;
			files = (
				B8909CA423176AC60010D0DF /* ViewController.m in Sources */,
				B8909CAF23176AC70010D0DF /* main.m in Sources */,
				B8909CA123176AC60010D0DF /* AppDelegate.m in Sources */,
				B8909CB523176CA50010D0DF /* WKWebViewController.m in Sources */,
			);
			runOnlyForDeploymentPostprocessing = 0;
		};
/* End PBXSourcesBuildPhase section */

/* Begin PBXVariantGroup section */
		B8909C8A231769090010D0DF /* Main.storyboard */ = {
			isa = PBXVariantGroup;
			children = (
				B8909C8B231769090010D0DF /* Base */,
			);
			name = Main.storyboard;
			sourceTree = "<group>";
		};
		B8909C8F2317690A0010D0DF /* LaunchScreen.storyboard */ = {
			isa = PBXVariantGroup;
			children = (
				B8909C902317690A0010D0DF /* Base */,
			);
			name = LaunchScreen.storyboard;
			sourceTree = "<group>";
		};
		B8909CA523176AC60010D0DF /* Main.storyboard */ = {
			isa = PBXVariantGroup;
			children = (
				B8909CA623176AC60010D0DF /* Base */,
			);
			name = Main.storyboard;
			sourceTree = "<group>";
		};
		B8909CAA23176AC70010D0DF /* LaunchScreen.storyboard */ = {
			isa = PBXVariantGroup;
			children = (
				B8909CAB23176AC70010D0DF /* Base */,
			);
			name = LaunchScreen.storyboard;
			sourceTree = "<group>";
		};
/* End PBXVariantGroup section */

/* Begin XCBuildConfiguration section */
		B8909C932317690A0010D0DF /* Debug */ = {
			isa = XCBuildConfiguration;
			buildSettings = {
				ALWAYS_SEARCH_USER_PATHS = NO;
				CLANG_ANALYZER_NONNULL = YES;
				CLANG_ANALYZER_NUMBER_OBJECT_CONVERSION = YES_AGGRESSIVE;
				CLANG_CXX_LANGUAGE_STANDARD = "gnu++14";
				CLANG_CXX_LIBRARY = "libc++";
				CLANG_ENABLE_MODULES = YES;
				CLANG_ENABLE_OBJC_ARC = YES;
				CLANG_ENABLE_OBJC_WEAK = YES;
				CLANG_WARN_BLOCK_CAPTURE_AUTORELEASING = YES;
				CLANG_WARN_BOOL_CONVERSION = YES;
				CLANG_WARN_COMMA = YES;
				CLANG_WARN_CONSTANT_CONVERSION = YES;
				CLANG_WARN_DEPRECATED_OBJC_IMPLEMENTATIONS = YES;
				CLANG_WARN_DIRECT_OBJC_ISA_USAGE = YES_ERROR;
				CLANG_WARN_DOCUMENTATION_COMMENTS = YES;
				CLANG_WARN_EMPTY_BODY = YES;
				CLANG_WARN_ENUM_CONVERSION = YES;
				CLANG_WARN_INFINITE_RECURSION = YES;
				CLANG_WARN_INT_CONVERSION = YES;
				CLANG_WARN_NON_LITERAL_NULL_CONVERSION = YES;
				CLANG_WARN_OBJC_IMPLICIT_RETAIN_SELF = YES;
				CLANG_WARN_OBJC_LITERAL_CONVERSION = YES;
				CLANG_WARN_OBJC_ROOT_CLASS = YES_ERROR;
				CLANG_WARN_RANGE_LOOP_ANALYSIS = YES;
				CLANG_WARN_STRICT_PROTOTYPES = YES;
				CLANG_WARN_SUSPICIOUS_MOVE = YES;
				CLANG_WARN_UNGUARDED_AVAILABILITY = YES_AGGRESSIVE;
				CLANG_WARN_UNREACHABLE_CODE = YES;
				CLANG_WARN__DUPLICATE_METHOD_MATCH = YES;
				CODE_SIGN_IDENTITY = "iPhone Developer";
				COPY_PHASE_STRIP = NO;
				DEBUG_INFORMATION_FORMAT = dwarf;
				ENABLE_STRICT_OBJC_MSGSEND = YES;
				ENABLE_TESTABILITY = YES;
				GCC_C_LANGUAGE_STANDARD = gnu11;
				GCC_DYNAMIC_NO_PIC = NO;
				GCC_NO_COMMON_BLOCKS = YES;
				GCC_OPTIMIZATION_LEVEL = 0;
				GCC_PREPROCESSOR_DEFINITIONS = (
					"DEBUG=1",
					"$(inherited)",
				);
				GCC_WARN_64_TO_32_BIT_CONVERSION = YES;
				GCC_WARN_ABOUT_RETURN_TYPE = YES_ERROR;
				GCC_WARN_UNDECLARED_SELECTOR = YES;
				GCC_WARN_UNINITIALIZED_AUTOS = YES_AGGRESSIVE;
				GCC_WARN_UNUSED_FUNCTION = YES;
				GCC_WARN_UNUSED_VARIABLE = YES;
				IPHONEOS_DEPLOYMENT_TARGET = 12.4;
				MTL_ENABLE_DEBUG_INFO = INCLUDE_SOURCE;
				MTL_FAST_MATH = YES;
				ONLY_ACTIVE_ARCH = YES;
				SDKROOT = iphoneos;
				SWIFT_ACTIVE_COMPILATION_CONDITIONS = DEBUG;
				SWIFT_OPTIMIZATION_LEVEL = "-Onone";
			};
			name = Debug;
		};
		B8909C942317690A0010D0DF /* Release */ = {
			isa = XCBuildConfiguration;
			buildSettings = {
				ALWAYS_SEARCH_USER_PATHS = NO;
				CLANG_ANALYZER_NONNULL = YES;
				CLANG_ANALYZER_NUMBER_OBJECT_CONVERSION = YES_AGGRESSIVE;
				CLANG_CXX_LANGUAGE_STANDARD = "gnu++14";
				CLANG_CXX_LIBRARY = "libc++";
				CLANG_ENABLE_MODULES = YES;
				CLANG_ENABLE_OBJC_ARC = YES;
				CLANG_ENABLE_OBJC_WEAK = YES;
				CLANG_WARN_BLOCK_CAPTURE_AUTORELEASING = YES;
				CLANG_WARN_BOOL_CONVERSION = YES;
				CLANG_WARN_COMMA = YES;
				CLANG_WARN_CONSTANT_CONVERSION = YES;
				CLANG_WARN_DEPRECATED_OBJC_IMPLEMENTATIONS = YES;
				CLANG_WARN_DIRECT_OBJC_ISA_USAGE = YES_ERROR;
				CLANG_WARN_DOCUMENTATION_COMMENTS = YES;
				CLANG_WARN_EMPTY_BODY = YES;
				CLANG_WARN_ENUM_CONVERSION = YES;
				CLANG_WARN_INFINITE_RECURSION = YES;
				CLANG_WARN_INT_CONVERSION = YES;
				CLANG_WARN_NON_LITERAL_NULL_CONVERSION = YES;
				CLANG_WARN_OBJC_IMPLICIT_RETAIN_SELF = YES;
				CLANG_WARN_OBJC_LITERAL_CONVERSION = YES;
				CLANG_WARN_OBJC_ROOT_CLASS = YES_ERROR;
				CLANG_WARN_RANGE_LOOP_ANALYSIS = YES;
				CLANG_WARN_STRICT_PROTOTYPES = YES;
				CLANG_WARN_SUSPICIOUS_MOVE = YES;
				CLANG_WARN_UNGUARDED_AVAILABILITY = YES_AGGRESSIVE;
				CLANG_WARN_UNREACHABLE_CODE = YES;
				CLANG_WARN__DUPLICATE_METHOD_MATCH = YES;
				CODE_SIGN_IDENTITY = "iPhone Developer";
				COPY_PHASE_STRIP = NO;
				DEBUG_INFORMATION_FORMAT = "dwarf-with-dsym";
				ENABLE_NS_ASSERTIONS = NO;
				ENABLE_STRICT_OBJC_MSGSEND = YES;
				GCC_C_LANGUAGE_STANDARD = gnu11;
				GCC_NO_COMMON_BLOCKS = YES;
				GCC_WARN_64_TO_32_BIT_CONVERSION = YES;
				GCC_WARN_ABOUT_RETURN_TYPE = YES_ERROR;
				GCC_WARN_UNDECLARED_SELECTOR = YES;
				GCC_WARN_UNINITIALIZED_AUTOS = YES_AGGRESSIVE;
				GCC_WARN_UNUSED_FUNCTION = YES;
				GCC_WARN_UNUSED_VARIABLE = YES;
				IPHONEOS_DEPLOYMENT_TARGET = 12.4;
				MTL_ENABLE_DEBUG_INFO = NO;
				MTL_FAST_MATH = YES;
				SDKROOT = iphoneos;
				SWIFT_COMPILATION_MODE = wholemodule;
				SWIFT_OPTIMIZATION_LEVEL = "-O";
				VALIDATE_PRODUCT = YES;
			};
			name = Release;
		};
		B8909C962317690A0010D0DF /* Debug */ = {
			isa = XCBuildConfiguration;
			buildSettings = {
				ASSETCATALOG_COMPILER_APPICON_NAME = AppIcon;
				CODE_SIGN_STYLE = Automatic;
				DEVELOPMENT_TEAM = N82ZFP7PC6;
				INFOPLIST_FILE = Jeung/Info.plist;
				LD_RUNPATH_SEARCH_PATHS = (
					"$(inherited)",
					"@executable_path/Frameworks",
				);
				PRODUCT_BUNDLE_IDENTIFIER = com.github.knockotd.Jeung;
				PRODUCT_NAME = "$(TARGET_NAME)";
				SWIFT_VERSION = 5.0;
				TARGETED_DEVICE_FAMILY = "1,2";
			};
			name = Debug;
		};
		B8909C972317690A0010D0DF /* Release */ = {
			isa = XCBuildConfiguration;
			buildSettings = {
				ASSETCATALOG_COMPILER_APPICON_NAME = AppIcon;
				CODE_SIGN_STYLE = Automatic;
				DEVELOPMENT_TEAM = N82ZFP7PC6;
				INFOPLIST_FILE = Jeung/Info.plist;
				LD_RUNPATH_SEARCH_PATHS = (
					"$(inherited)",
					"@executable_path/Frameworks",
				);
				PRODUCT_BUNDLE_IDENTIFIER = com.github.knockotd.Jeung;
				PRODUCT_NAME = "$(TARGET_NAME)";
				SWIFT_VERSION = 5.0;
				TARGETED_DEVICE_FAMILY = "1,2";
			};
			name = Release;
		};
		B8909CB123176AC70010D0DF /* Debug */ = {
			isa = XCBuildConfiguration;
			buildSettings = {
				ASSETCATALOG_COMPILER_APPICON_NAME = AppIcon;
				CODE_SIGN_STYLE = Automatic;
				DEVELOPMENT_TEAM = N82ZFP7PC6;
				INFOPLIST_FILE = JeungObjc/Info.plist;
				LD_RUNPATH_SEARCH_PATHS = (
					"$(inherited)",
					"@executable_path/Frameworks",
				);
				PRODUCT_BUNDLE_IDENTIFIER = com.github.knockotd.JeungObjc;
				PRODUCT_NAME = "$(TARGET_NAME)";
				TARGETED_DEVICE_FAMILY = "1,2";
			};
			name = Debug;
		};
		B8909CB223176AC70010D0DF /* Release */ = {
			isa = XCBuildConfiguration;
			buildSettings = {
				ASSETCATALOG_COMPILER_APPICON_NAME = AppIcon;
				CODE_SIGN_STYLE = Automatic;
				DEVELOPMENT_TEAM = N82ZFP7PC6;
				INFOPLIST_FILE = JeungObjc/Info.plist;
				LD_RUNPATH_SEARCH_PATHS = (
					"$(inherited)",
					"@executable_path/Frameworks",
				);
				PRODUCT_BUNDLE_IDENTIFIER = com.github.knockotd.JeungObjc;
				PRODUCT_NAME = "$(TARGET_NAME)";
				TARGETED_DEVICE_FAMILY = "1,2";
			};
			name = Release;
		};
/* End XCBuildConfiguration section */

/* Begin XCConfigurationList section */
		B8909C7E231769090010D0DF /* Build configuration list for PBXProject "Jeung" */ = {
			isa = XCConfigurationList;
			buildConfigurations = (
				B8909C932317690A0010D0DF /* Debug */,
				B8909C942317690A0010D0DF /* Release */,
			);
			defaultConfigurationIsVisible = 0;
			defaultConfigurationName = Release;
		};
		B8909C952317690A0010D0DF /* Build configuration list for PBXNativeTarget "Jeung" */ = {
			isa = XCConfigurationList;
			buildConfigurations = (
				B8909C962317690A0010D0DF /* Debug */,
				B8909C972317690A0010D0DF /* Release */,
			);
			defaultConfigurationIsVisible = 0;
			defaultConfigurationName = Release;
		};
		B8909CB023176AC70010D0DF /* Build configuration list for PBXNativeTarget "JeungObjc" */ = {
			isa = XCConfigurationList;
			buildConfigurations = (
				B8909CB123176AC70010D0DF /* Debug */,
				B8909CB223176AC70010D0DF /* Release */,
			);
			defaultConfigurationIsVisible = 0;
			defaultConfigurationName = Release;
		};
/* End XCConfigurationList section */
	};
	rootObject = B8909C7B231769090010D0DF /* Project object */;
}
